
Microsoft Visual Studio Solution File, Format Version 12.00
# Visual Studio Version 17
VisualStudioVersion = 17.13.35913.81 d17.13
MinimumVisualStudioVersion = 10.0.40219.1
Project("{8BC9CEB8-8B4A-11D0-8D11-00A0C91BC942}") = "ex1", "ex1\ex1.vcxproj", "{367EEF05-04DA-4906-8058-EA8542974E7D}"
EndProject
Project("{8BC9CEB8-8B4A-11D0-8D11-00A0C91BC942}") = "ex2", "ex2\ex2.vcxproj", "{DE8FCD5B-58E4-45AC-B443-C9A70C24DFE0}"
EndProject
Project("{8BC9CEB8-8B4A-11D0-8D11-00A0C91BC942}") = "ex3", "ex3\ex3.vcxproj", "{ADB07D07-D5FE-4CFB-BF1A-99B1B10F02E1}"
EndProject
Project("{8BC9CEB8-8B4A-11D0-8D11-00A0C91BC942}") = "ex4", "ex4\ex4.vcxproj", "{CA6570AA-A48A-4E89-AF0F-6A5737D0BC32}"
EndProject
Project("{8BC9CEB8-8B4A-11D0-8D11-00A0C91BC942}") = "ex5", "ex5\ex5.vcxproj", "{476E9902-4610-477A-BFDB-24369AC41AD8}"
EndProject
Project("{8BC9CEB8-8B4A-11D0-8D11-00A0C91BC942}") = "ex6", "ex6\ex6.vcxproj", "{7963B212-976F-4618-B24B-861E43CFE56E}"
EndProject
Global
	GlobalSection(SolutionConfigurationPlatforms) = preSolution
		Debug|x64 = Debug|x64
		Debug|x86 = Debug|x86
		Release|x64 = Release|x64
		Release|x86 = Release|x86
	EndGlobalSection
	GlobalSection(ProjectConfigurationPlatforms) = postSolution
		{367EEF05-04DA-4906-8058-EA8542974E7D}.Debug|x64.ActiveCfg = Debug|x64
		{367EEF05-04DA-4906-8058-EA8542974E7D}.Debug|x64.Build.0 = Debug|x64
		{367EEF05-04DA-4906-8058-EA8542974E7D}.Debug|x86.ActiveCfg = Debug|Win32
		{367EEF05-04DA-4906-8058-EA8542974E7D}.Debug|x86.Build.0 = Debug|Win32
		{367EEF05-04DA-4906-8058-EA8542974E7D}.Release|x64.ActiveCfg = Release|x64
		{367EEF05-04DA-4906-8058-EA8542974E7D}.Release|x64.Build.0 = Release|x64
		{367EEF05-04DA-4906-8058-EA8542974E7D}.Release|x86.ActiveCfg = Release|Win32
		{367EEF05-04DA-4906-8058-EA8542974E7D}.Release|x86.Build.0 = Release|Win32
		{DE8FCD5B-58E4-45AC-B443-C9A70C24DFE0}.Debug|x64.ActiveCfg = Debug|x64
		{DE8FCD5B-58E4-45AC-B443-C9A70C24DFE0}.Debug|x64.Build.0 = Debug|x64
		{DE8FCD5B-58E4-45AC-B443-C9A70C24DFE0}.Debug|x86.ActiveCfg = Debug|Win32
		{DE8FCD5B-58E4-45AC-B443-C9A70C24DFE0}.Debug|x86.Build.0 = Debug|Win32
		{DE8FCD5B-58E4-45AC-B443-C9A70C24DFE0}.Release|x64.ActiveCfg = Release|x64
		{DE8FCD5B-58E4-45AC-B443-C9A70C24DFE0}.Release|x64.Build.0 = Release|x64
		{DE8FCD5B-58E4-45AC-B443-C9A70C24DFE0}.Release|x86.ActiveCfg = Release|Win32
		{DE8FCD5B-58E4-45AC-B443-C9A70C24DFE0}.Release|x86.Build.0 = Release|Win32
		{ADB07D07-D5FE-4CFB-BF1A-99B1B10F02E1}.Debug|x64.ActiveCfg = Debug|x64
		{ADB07D07-D5FE-4CFB-BF1A-99B1B10F02E1}.Debug|x64.Build.0 = Debug|x64
		{ADB07D07-D5FE-4CFB-BF1A-99B1B10F02E1}.Debug|x86.ActiveCfg = Debug|Win32
		{ADB07D07-D5FE-4CFB-BF1A-99B1B10F02E1}.Debug|x86.Build.0 = Debug|Win32
		{ADB07D07-D5FE-4CFB-BF1A-99B1B10F02E1}.Release|x64.ActiveCfg = Release|x64
		{ADB07D07-D5FE-4CFB-BF1A-99B1B10F02E1}.Release|x64.Build.0 = Release|x64
		{ADB07D07-D5FE-4CFB-BF1A-99B1B10F02E1}.Release|x86.ActiveCfg = Release|Win32
		{ADB07D07-D5FE-4CFB-BF1A-99B1B10F02E1}.Release|x86.Build.0 = Release|Win32
		{CA6570AA-A48A-4E89-AF0F-6A5737D0BC32}.Debug|x64.ActiveCfg = Debug|x64
		{CA6570AA-A48A-4E89-AF0F-6A5737D0BC32}.Debug|x64.Build.0 = Debug|x64
		{CA6570AA-A48A-4E89-AF0F-6A5737D0BC32}.Debug|x86.ActiveCfg = Debug|Win32
		{CA6570AA-A48A-4E89-AF0F-6A5737D0BC32}.Debug|x86.Build.0 = Debug|Win32
		{CA6570AA-A48A-4E89-AF0F-6A5737D0BC32}.Release|x64.ActiveCfg = Release|x64
		{CA6570AA-A48A-4E89-AF0F-6A5737D0BC32}.Release|x64.Build.0 = Release|x64
		{CA6570AA-A48A-4E89-AF0F-6A5737D0BC32}.Release|x86.ActiveCfg = Release|Win32
		{CA6570AA-A48A-4E89-AF0F-6A5737D0BC32}.Release|x86.Build.0 = Release|Win32
		{476E9902-4610-477A-BFDB-24369AC41AD8}.Debug|x64.ActiveCfg = Debug|x64
		{476E9902-4610-477A-BFDB-24369AC41AD8}.Debug|x64.Build.0 = Debug|x64
		{476E9902-4610-477A-BFDB-24369AC41AD8}.Debug|x86.ActiveCfg = Debug|Win32
		{476E9902-4610-477A-BFDB-24369AC41AD8}.Debug|x86.Build.0 = Debug|Win32
		{476E9902-4610-477A-BFDB-24369AC41AD8}.Release|x64.ActiveCfg = Release|x64
		{476E9902-4610-477A-BFDB-24369AC41AD8}.Release|x64.Build.0 = Release|x64
		{476E9902-4610-477A-BFDB-24369AC41AD8}.Release|x86.ActiveCfg = Release|Win32
		{476E9902-4610-477A-BFDB-24369AC41AD8}.Release|x86.Build.0 = Release|Win32
		{7963B212-976F-4618-B24B-861E43CFE56E}.Debug|x64.ActiveCfg = Debug|x64
		{7963B212-976F-4618-B24B-861E43CFE56E}.Debug|x64.Build.0 = Debug|x64
		{7963B212-976F-4618-B24B-861E43CFE56E}.Debug|x86.ActiveCfg = Debug|Win32
		{7963B212-976F-4618-B24B-861E43CFE56E}.Debug|x86.Build.0 = Debug|Win32
		{7963B212-976F-4618-B24B-861E43CFE56E}.Release|x64.ActiveCfg = Release|x64
		{7963B212-976F-4618-B24B-861E43CFE56E}.Release|x64.Build.0 = Release|x64
		{7963B212-976F-4618-B24B-861E43CFE56E}.Release|x86.ActiveCfg = Release|Win32
		{7963B212-976F-4618-B24B-861E43CFE56E}.Release|x86.Build.0 = Release|Win32
	EndGlobalSection
	GlobalSection(SolutionProperties) = preSolution
		HideSolutionNode = FALSE
	EndGlobalSection
	GlobalSection(ExtensibilityGlobals) = postSolution
		SolutionGuid = {4AEAE63D-2DD4-41D4-ADF3-818A2EDA9647}
	EndGlobalSection
EndGlobal
